// !$*UTF8*$!
{
	archiveVersion = 1;
	classes = {
	};
	objectVersion = 56;
	objects = {

/* Begin PBXBuildFile section */
		1FC56021293A762D00B0674D /* CatsAndDogsApp.swift in Sources */ = {isa = PBXBuildFile; fileRef = 1FC56020293A762D00B0674D /* CatsAndDogsApp.swift */; };
		1FC56023293A762D00B0674D /* ContentView.swift in Sources */ = {isa = PBXBuildFile; fileRef = 1FC56022293A762D00B0674D /* ContentView.swift */; };
		1FC56025293A762F00B0674D /* Assets.xcassets in Resources */ = {isa = PBXBuildFile; fileRef = 1FC56024293A762F00B0674D /* Assets.xcassets */; };
		1FC56028293A762F00B0674D /* Preview Assets.xcassets in Resources */ = {isa = PBXBuildFile; fileRef = 1FC56027293A762F00B0674D /* Preview Assets.xcassets */; };
		1FC56037293B645E00B0674D /* CatOrDogClassifier.mlmodel in Sources */ = {isa = PBXBuildFile; fileRef = 1FC56036293B645E00B0674D /* CatOrDogClassifier.mlmodel */; };
		1FC5603C293B64FF00B0674D /* ImagePickerViewModel.swift in Sources */ = {isa = PBXBuildFile; fileRef = 1FC5603B293B64FF00B0674D /* ImagePickerViewModel.swift */; };
		1FC5603E293B67CE00B0674D /* ImagePickerView.swift in Sources */ = {isa = PBXBuildFile; fileRef = 1FC5603D293B67CE00B0674D /* ImagePickerView.swift */; };
		1FC56045293B6BEF00B0674D /* MLViewModel.swift in Sources */ = {isa = PBXBuildFile; fileRef = 1FC56044293B6BEF00B0674D /* MLViewModel.swift */; };
		1FC56047293B75FD00B0674D /* Image.Classifierswift.swift in Sources */ = {isa = PBXBuildFile; fileRef = 1FC56046293B75FD00B0674D /* Image.Classifierswift.swift */; };
/* End PBXBuildFile section */

/* Begin PBXFileReference section */
		1FC5601D293A762D00B0674D /* CatsAndDogs.app */ = {isa = PBXFileReference; explicitFileType = wrapper.application; includeInIndex = 0; path = CatsAndDogs.app; sourceTree = BUILT_PRODUCTS_DIR; };
		1FC56020293A762D00B0674D /* CatsAndDogsApp.swift */ = {isa = PBXFileReference; lastKnownFileType = sourcecode.swift; path = CatsAndDogsApp.swift; sourceTree = "<group>"; };
		1FC56022293A762D00B0674D /* ContentView.swift */ = {isa = PBXFileReference; lastKnownFileType = sourcecode.swift; path = ContentView.swift; sourceTree = "<group>"; };
		1FC56024293A762F00B0674D /* Assets.xcassets */ = {isa = PBXFileReference; lastKnownFileType = folder.assetcatalog; path = Assets.xcassets; sourceTree = "<group>"; };
		1FC56027293A762F00B0674D /* Preview Assets.xcassets */ = {isa = PBXFileReference; lastKnownFileType = folder.assetcatalog; path = "Preview Assets.xcassets"; sourceTree = "<group>"; };
		1FC56036293B645E00B0674D /* CatOrDogClassifier.mlmodel */ = {isa = PBXFileReference; lastKnownFileType = file.mlmodel; path = CatOrDogClassifier.mlmodel; sourceTree = "<group>"; };
		1FC5603B293B64FF00B0674D /* ImagePickerViewModel.swift */ = {isa = PBXFileReference; lastKnownFileType = sourcecode.swift; path = ImagePickerViewModel.swift; sourceTree = "<group>"; };
		1FC5603D293B67CE00B0674D /* ImagePickerView.swift */ = {isa = PBXFileReference; lastKnownFileType = sourcecode.swift; path = ImagePickerView.swift; sourceTree = "<group>"; };
		1FC56044293B6BEF00B0674D /* MLViewModel.swift */ = {isa = PBXFileReference; lastKnownFileType = sourcecode.swift; path = MLViewModel.swift; sourceTree = "<group>"; };
		1FC56046293B75FD00B0674D /* Image.Classifierswift.swift */ = {isa = PBXFileReference; lastKnownFileType = sourcecode.swift; path = Image.Classifierswift.swift; sourceTree = "<group>"; };
/* End PBXFileReference section */

/* Begin PBXFrameworksBuildPhase section */
		1FC5601A293A762D00B0674D /* Frameworks */ = {
			isa = PBXFrameworksBuildPhase;
			buildActionMask = 2147483647;
			files = (
			);
			runOnlyForDeploymentPostprocessing = 0;
		};
/* End PBXFrameworksBuildPhase section */

/* Begin PBXGroup section */
		1FC56014293A762D00B0674D = {
			isa = PBXGroup;
			children = (
				1FC5601F293A762D00B0674D /* CatsAndDogs */,
				1FC5601E293A762D00B0674D /* Products */,
			);
			sourceTree = "<group>";
		};
		1FC5601E293A762D00B0674D /* Products */ = {
			isa = PBXGroup;
			children = (
				1FC5601D293A762D00B0674D /* CatsAndDogs.app */,
			);
			name = Products;
			sourceTree = "<group>";
		};
		1FC5601F293A762D00B0674D /* CatsAndDogs */ = {
			isa = PBXGroup;
			children = (
				1FC5603F293B6AC200B0674D /* ImageData+ML */,
				1FC56038293B649300B0674D /* ImagePicker */,
				1FC56020293A762D00B0674D /* CatsAndDogsApp.swift */,
				1FC56022293A762D00B0674D /* ContentView.swift */,
				1FC56024293A762F00B0674D /* Assets.xcassets */,
				1FC56026293A762F00B0674D /* Preview Content */,
			);
			path = CatsAndDogs;
			sourceTree = "<group>";
		};
		1FC56026293A762F00B0674D /* Preview Content */ = {
			isa = PBXGroup;
			children = (
				1FC56027293A762F00B0674D /* Preview Assets.xcassets */,
			);
			path = "Preview Content";
			sourceTree = "<group>";
		};
		1FC56038293B649300B0674D /* ImagePicker */ = {
			isa = PBXGroup;
			children = (
				1FC5603A293B64B600B0674D /* ImagePickerView */,
				1FC56039293B64A500B0674D /* ImagePickerViewModel */,
			);
			path = ImagePicker;
			sourceTree = "<group>";
		};
		1FC56039293B64A500B0674D /* ImagePickerViewModel */ = {
			isa = PBXGroup;
			children = (
				1FC5603B293B64FF00B0674D /* ImagePickerViewModel.swift */,
			);
			path = ImagePickerViewModel;
			sourceTree = "<group>";
		};
		1FC5603A293B64B600B0674D /* ImagePickerView */ = {
			isa = PBXGroup;
			children = (
				1FC5603D293B67CE00B0674D /* ImagePickerView.swift */,
			);
			path = ImagePickerView;
			sourceTree = "<group>";
		};
		1FC5603F293B6AC200B0674D /* ImageData+ML */ = {
			isa = PBXGroup;
			children = (
				1FC56041293B6AEA00B0674D /* ML */,
			);
			path = "ImageData+ML";
			sourceTree = "<group>";
		};
		1FC56041293B6AEA00B0674D /* ML */ = {
			isa = PBXGroup;
			children = (
				1FC56036293B645E00B0674D /* CatOrDogClassifier.mlmodel */,
				1FC56044293B6BEF00B0674D /* MLViewModel.swift */,
				1FC56046293B75FD00B0674D /* Image.Classifierswift.swift */,
			);
			path = ML;
			sourceTree = "<group>";
		};
/* End PBXGroup section */

/* Begin PBXNativeTarget section */
		1FC5601C293A762D00B0674D /* CatsAndDogs */ = {
			isa = PBXNativeTarget;
			buildConfigurationList = 1FC5602B293A762F00B0674D /* Build configuration list for PBXNativeTarget "CatsAndDogs" */;
			buildPhases = (
				1FC56019293A762D00B0674D /* Sources */,
				1FC5601A293A762D00B0674D /* Frameworks */,
				1FC5601B293A762D00B0674D /* Resources */,
			);
			buildRules = (
			);
			dependencies = (
			);
			name = CatsAndDogs;
			productName = CatsAndDogs;
			productReference = 1FC5601D293A762D00B0674D /* CatsAndDogs.app */;
			productType = "com.apple.product-type.application";
		};
/* End PBXNativeTarget section */

/* Begin PBXProject section */
		1FC56015293A762D00B0674D /* Project object */ = {
			isa = PBXProject;
			attributes = {
				BuildIndependentTargetsInParallel = 1;
				LastSwiftUpdateCheck = 1410;
				LastUpgradeCheck = 1410;
				TargetAttributes = {
					1FC5601C293A762D00B0674D = {
						CreatedOnToolsVersion = 14.1;
					};
				};
			};
			buildConfigurationList = 1FC56018293A762D00B0674D /* Build configuration list for PBXProject "CatsAndDogs" */;
			compatibilityVersion = "Xcode 14.0";
			developmentRegion = en;
			hasScannedForEncodings = 0;
			knownRegions = (
				en,
				Base,
			);
			mainGroup = 1FC56014293A762D00B0674D;
			productRefGroup = 1FC5601E293A762D00B0674D /* Products */;
			projectDirPath = "";
			projectRoot = "";
			targets = (
				1FC5601C293A762D00B0674D /* CatsAndDogs */,
			);
		};
/* End PBXProject section */

/* Begin PBXResourcesBuildPhase section */
		1FC5601B293A762D00B0674D /* Resources */ = {
			isa = PBXResourcesBuildPhase;
			buildActionMask = 2147483647;
			files = (
				1FC56028293A762F00B0674D /* Preview Assets.xcassets in Resources */,
				1FC56025293A762F00B0674D /* Assets.xcassets in Resources */,
			);
			runOnlyForDeploymentPostprocessing = 0;
		};
/* End PBXResourcesBuildPhase section */

/* Begin PBXSourcesBuildPhase section */
		1FC56019293A762D00B0674D /* Sources */ = {
			isa = PBXSourcesBuildPhase;
			buildActionMask = 2147483647;
			files = (
				1FC56023293A762D00B0674D /* ContentView.swift in Sources */,
				1FC56047293B75FD00B0674D /* Image.Classifierswift.swift in Sources */,
				1FC5603C293B64FF00B0674D /* ImagePickerViewModel.swift in Sources */,
				1FC56045293B6BEF00B0674D /* MLViewModel.swift in Sources */,
				1FC56021293A762D00B0674D /* CatsAndDogsApp.swift in Sources */,
				1FC56037293B645E00B0674D /* CatOrDogClassifier.mlmodel in Sources */,
				1FC5603E293B67CE00B0674D /* ImagePickerView.swift in Sources */,
			);
			runOnlyForDeploymentPostprocessing = 0;
		};
/* End PBXSourcesBuildPhase section */

/* Begin XCBuildConfiguration section */
		1FC56029293A762F00B0674D /* Debug */ = {
			isa = XCBuildConfiguration;
			buildSettings = {
				ALWAYS_SEARCH_USER_PATHS = NO;
				CLANG_ANALYZER_NONNULL = YES;
				CLANG_ANALYZER_NUMBER_OBJECT_CONVERSION = YES_AGGRESSIVE;
				CLANG_CXX_LANGUAGE_STANDARD = "gnu++20";
				CLANG_ENABLE_MODULES = YES;
				CLANG_ENABLE_OBJC_ARC = YES;
				CLANG_ENABLE_OBJC_WEAK = YES;
				CLANG_WARN_BLOCK_CAPTURE_AUTORELEASING = YES;
				CLANG_WARN_BOOL_CONVERSION = YES;
				CLANG_WARN_COMMA = YES;
				CLANG_WARN_CONSTANT_CONVERSION = YES;
				CLANG_WARN_DEPRECATED_OBJC_IMPLEMENTATIONS = YES;
				CLANG_WARN_DIRECT_OBJC_ISA_USAGE = YES_ERROR;
				CLANG_WARN_DOCUMENTATION_COMMENTS = YES;
				CLANG_WARN_EMPTY_BODY = YES;
				CLANG_WARN_ENUM_CONVERSION = YES;
				CLANG_WARN_INFINITE_RECURSION = YES;
				CLANG_WARN_INT_CONVERSION = YES;
				CLANG_WARN_NON_LITERAL_NULL_CONVERSION = YES;
				CLANG_WARN_OBJC_IMPLICIT_RETAIN_SELF = YES;
				CLANG_WARN_OBJC_LITERAL_CONVERSION = YES;
				CLANG_WARN_OBJC_ROOT_CLASS = YES_ERROR;
				CLANG_WARN_QUOTED_INCLUDE_IN_FRAMEWORK_HEADER = YES;
				CLANG_WARN_RANGE_LOOP_ANALYSIS = YES;
				CLANG_WARN_STRICT_PROTOTYPES = YES;
				CLANG_WARN_SUSPICIOUS_MOVE = YES;
				CLANG_WARN_UNGUARDED_AVAILABILITY = YES_AGGRESSIVE;
				CLANG_WARN_UNREACHABLE_CODE = YES;
				CLANG_WARN__DUPLICATE_METHOD_MATCH = YES;
				COPY_PHASE_STRIP = NO;
				DEBUG_INFORMATION_FORMAT = dwarf;
				ENABLE_STRICT_OBJC_MSGSEND = YES;
				ENABLE_TESTABILITY = YES;
				GCC_C_LANGUAGE_STANDARD = gnu11;
				GCC_DYNAMIC_NO_PIC = NO;
				GCC_NO_COMMON_BLOCKS = YES;
				GCC_OPTIMIZATION_LEVEL = 0;
				GCC_PREPROCESSOR_DEFINITIONS = (
					"DEBUG=1",
					"$(inherited)",
				);
				GCC_WARN_64_TO_32_BIT_CONVERSION = YES;
				GCC_WARN_ABOUT_RETURN_TYPE = YES_ERROR;
				GCC_WARN_UNDECLARED_SELECTOR = YES;
				GCC_WARN_UNINITIALIZED_AUTOS = YES_AGGRESSIVE;
				GCC_WARN_UNUSED_FUNCTION = YES;
				GCC_WARN_UNUSED_VARIABLE = YES;
				IPHONEOS_DEPLOYMENT_TARGET = 16.1;
				MTL_ENABLE_DEBUG_INFO = INCLUDE_SOURCE;
				MTL_FAST_MATH = YES;
				ONLY_ACTIVE_ARCH = YES;
				SDKROOT = iphoneos;
				SWIFT_ACTIVE_COMPILATION_CONDITIONS = DEBUG;
				SWIFT_OPTIMIZATION_LEVEL = "-Onone";
			};
			name = Debug;
		};
		1FC5602A293A762F00B0674D /* Release */ = {
			isa = XCBuildConfiguration;
			buildSettings = {
				ALWAYS_SEARCH_USER_PATHS = NO;
				CLANG_ANALYZER_NONNULL = YES;
				CLANG_ANALYZER_NUMBER_OBJECT_CONVERSION = YES_AGGRESSIVE;
				CLANG_CXX_LANGUAGE_STANDARD = "gnu++20";
				CLANG_ENABLE_MODULES = YES;
				CLANG_ENABLE_OBJC_ARC = YES;
				CLANG_ENABLE_OBJC_WEAK = YES;
				CLANG_WARN_BLOCK_CAPTURE_AUTORELEASING = YES;
				CLANG_WARN_BOOL_CONVERSION = YES;
				CLANG_WARN_COMMA = YES;
				CLANG_WARN_CONSTANT_CONVERSION = YES;
				CLANG_WARN_DEPRECATED_OBJC_IMPLEMENTATIONS = YES;
				CLANG_WARN_DIRECT_OBJC_ISA_USAGE = YES_ERROR;
				CLANG_WARN_DOCUMENTATION_COMMENTS = YES;
				CLANG_WARN_EMPTY_BODY = YES;
				CLANG_WARN_ENUM_CONVERSION = YES;
				CLANG_WARN_INFINITE_RECURSION = YES;
				CLANG_WARN_INT_CONVERSION = YES;
				CLANG_WARN_NON_LITERAL_NULL_CONVERSION = YES;
				CLANG_WARN_OBJC_IMPLICIT_RETAIN_SELF = YES;
				CLANG_WARN_OBJC_LITERAL_CONVERSION = YES;
				CLANG_WARN_OBJC_ROOT_CLASS = YES_ERROR;
				CLANG_WARN_QUOTED_INCLUDE_IN_FRAMEWORK_HEADER = YES;
				CLANG_WARN_RANGE_LOOP_ANALYSIS = YES;
				CLANG_WARN_STRICT_PROTOTYPES = YES;
				CLANG_WARN_SUSPICIOUS_MOVE = YES;
				CLANG_WARN_UNGUARDED_AVAILABILITY = YES_AGGRESSIVE;
				CLANG_WARN_UNREACHABLE_CODE = YES;
				CLANG_WARN__DUPLICATE_METHOD_MATCH = YES;
				COPY_PHASE_STRIP = NO;
				DEBUG_INFORMATION_FORMAT = "dwarf-with-dsym";
				ENABLE_NS_ASSERTIONS = NO;
				ENABLE_STRICT_OBJC_MSGSEND = YES;
				GCC_C_LANGUAGE_STANDARD = gnu11;
				GCC_NO_COMMON_BLOCKS = YES;
				GCC_WARN_64_TO_32_BIT_CONVERSION = YES;
				GCC_WARN_ABOUT_RETURN_TYPE = YES_ERROR;
				GCC_WARN_UNDECLARED_SELECTOR = YES;
				GCC_WARN_UNINITIALIZED_AUTOS = YES_AGGRESSIVE;
				GCC_WARN_UNUSED_FUNCTION = YES;
				GCC_WARN_UNUSED_VARIABLE = YES;
				IPHONEOS_DEPLOYMENT_TARGET = 16.1;
				MTL_ENABLE_DEBUG_INFO = NO;
				MTL_FAST_MATH = YES;
				SDKROOT = iphoneos;
				SWIFT_COMPILATION_MODE = wholemodule;
				SWIFT_OPTIMIZATION_LEVEL = "-O";
				VALIDATE_PRODUCT = YES;
			};
			name = Release;
		};
		1FC5602C293A762F00B0674D /* Debug */ = {
			isa = XCBuildConfiguration;
			buildSettings = {
				ASSETCATALOG_COMPILER_APPICON_NAME = AppIcon;
				ASSETCATALOG_COMPILER_GLOBAL_ACCENT_COLOR_NAME = AccentColor;
				CODE_SIGN_STYLE = Automatic;
				CURRENT_PROJECT_VERSION = 1;
				DEVELOPMENT_ASSET_PATHS = "\"CatsAndDogs/Preview Content\"";
				DEVELOPMENT_TEAM = 6JQR5WH86M;
				ENABLE_PREVIEWS = YES;
				GENERATE_INFOPLIST_FILE = YES;
				INFOPLIST_KEY_UIApplicationSceneManifest_Generation = YES;
				INFOPLIST_KEY_UIApplicationSupportsIndirectInputEvents = YES;
				INFOPLIST_KEY_UILaunchScreen_Generation = YES;
				INFOPLIST_KEY_UISupportedInterfaceOrientations_iPad = "UIInterfaceOrientationPortrait UIInterfaceOrientationPortraitUpsideDown UIInterfaceOrientationLandscapeLeft UIInterfaceOrientationLandscapeRight";
				INFOPLIST_KEY_UISupportedInterfaceOrientations_iPhone = "UIInterfaceOrientationPortrait UIInterfaceOrientationLandscapeLeft UIInterfaceOrientationLandscapeRight";
				LD_RUNPATH_SEARCH_PATHS = (
					"$(inherited)",
					"@executable_path/Frameworks",
				);
				MARKETING_VERSION = 1.0;
				PRODUCT_BUNDLE_IDENTIFIER = "com.alex-laukhin.CatsAndDogs";
				PRODUCT_NAME = "$(TARGET_NAME)";
				SWIFT_EMIT_LOC_STRINGS = YES;
				SWIFT_VERSION = 5.0;
				TARGETED_DEVICE_FAMILY = "1,2";
			};
			name = Debug;
		};
		1FC5602D293A762F00B0674D /* Release */ = {
			isa = XCBuildConfiguration;
			buildSettings = {
				ASSETCATALOG_COMPILER_APPICON_NAME = AppIcon;
				ASSETCATALOG_COMPILER_GLOBAL_ACCENT_COLOR_NAME = AccentColor;
				CODE_SIGN_STYLE = Automatic;
				CURRENT_PROJECT_VERSION = 1;
				DEVELOPMENT_ASSET_PATHS = "\"CatsAndDogs/Preview Content\"";
				DEVELOPMENT_TEAM = 6JQR5WH86M;
				ENABLE_PREVIEWS = YES;
				GENERATE_INFOPLIST_FILE = YES;
				INFOPLIST_KEY_UIApplicationSceneManifest_Generation = YES;
				INFOPLIST_KEY_UIApplicationSupportsIndirectInputEvents = YES;
				INFOPLIST_KEY_UILaunchScreen_Generation = YES;
				INFOPLIST_KEY_UISupportedInterfaceOrientations_iPad = "UIInterfaceOrientationPortrait UIInterfaceOrientationPortraitUpsideDown UIInterfaceOrientationLandscapeLeft UIInterfaceOrientationLandscapeRight";
				INFOPLIST_KEY_UISupportedInterfaceOrientations_iPhone = "UIInterfaceOrientationPortrait UIInterfaceOrientationLandscapeLeft UIInterfaceOrientationLandscapeRight";
				LD_RUNPATH_SEARCH_PATHS = (
					"$(inherited)",
					"@executable_path/Frameworks",
				);
				MARKETING_VERSION = 1.0;
				PRODUCT_BUNDLE_IDENTIFIER = "com.alex-laukhin.CatsAndDogs";
				PRODUCT_NAME = "$(TARGET_NAME)";
				SWIFT_EMIT_LOC_STRINGS = YES;
				SWIFT_VERSION = 5.0;
				TARGETED_DEVICE_FAMILY = "1,2";
			};
			name = Release;
		};
/* End XCBuildConfiguration section */

/* Begin XCConfigurationList section */
		1FC56018293A762D00B0674D /* Build configuration list for PBXProject "CatsAndDogs" */ = {
			isa = XCConfigurationList;
			buildConfigurations = (
				1FC56029293A762F00B0674D /* Debug */,
				1FC5602A293A762F00B0674D /* Release */,
			);
			defaultConfigurationIsVisible = 0;
			defaultConfigurationName = Release;
		};
		1FC5602B293A762F00B0674D /* Build configuration list for PBXNativeTarget "CatsAndDogs" */ = {
			isa = XCConfigurationList;
			buildConfigurations = (
				1FC5602C293A762F00B0674D /* Debug */,
				1FC5602D293A762F00B0674D /* Release */,
			);
			defaultConfigurationIsVisible = 0;
			defaultConfigurationName = Release;
		};
/* End XCConfigurationList section */
	};
	rootObject = 1FC56015293A762D00B0674D /* Project object */;
}
